
Microsoft Visual Studio Solution File, Format Version 12.00
# Visual Studio Version 17
VisualStudioVersion = 17.14.36603.0 d17.14
MinimumVisualStudioVersion = 10.0.40219.1
Project("{FAE04EC0-301F-11D3-BF4B-00C04F79EFBC}") = "PapelariaApp", "PapelariaApp\PapelariaApp.csproj", "{6FAA0464-039D-4063-9931-73C81AB520EA}"
EndProject
Global
	GlobalSection(SolutionConfigurationPlatforms) = preSolution
		Debug|Any CPU = Debug|Any CPU
		Release|Any CPU = Release|Any CPU
	EndGlobalSection
	GlobalSection(ProjectConfigurationPlatforms) = postSolution
		{6FAA0464-039D-4063-9931-73C81AB520EA}.Debug|Any CPU.ActiveCfg = Debug|Any CPU
		{6FAA0464-039D-4063-9931-73C81AB520EA}.Debug|Any CPU.Build.0 = Debug|Any CPU
		{6FAA0464-039D-4063-9931-73C81AB520EA}.Release|Any CPU.ActiveCfg = Release|Any CPU
		{6FAA0464-039D-4063-9931-73C81AB520EA}.Release|Any CPU.Build.0 = Release|Any CPU
	EndGlobalSection
	GlobalSection(SolutionProperties) = preSolution
		HideSolutionNode = FALSE
	EndGlobalSection
	GlobalSection(ExtensibilityGlobals) = postSolution
		SolutionGuid = {A80CBF95-E47B-4FA1-9B81-A05FEA2D454C}
	EndGlobalSection
EndGlobal
